
Microsoft Visual Studio Solution File, Format Version 12.00
# Visual Studio Version 16
VisualStudioVersion = 16.0.29806.167
MinimumVisualStudioVersion = 10.0.40219.1
Project("{8BC9CEB8-8B4A-11D0-8D11-00A0C91BC942}") = "insolusi", "insolusi\insolusi.vcxproj", "{63F107BF-9A20-4C10-962F-DC15980C8166}"
EndProject
Project("{54435603-DBB4-11D2-8724-00A0C9A8B90C}") = "InsolusiProject Work", "InsolusiProject Work\InsolusiProject Work.vdproj", "{7E58650F-82E0-4EBB-829A-64E90FB1D96F}"
EndProject
Global
	GlobalSection(SolutionConfigurationPlatforms) = preSolution
		Debug|x64 = Debug|x64
		Debug|x86 = Debug|x86
		Release|x64 = Release|x64
		Release|x86 = Release|x86
	EndGlobalSection
	GlobalSection(ProjectConfigurationPlatforms) = postSolution
		{63F107BF-9A20-4C10-962F-DC15980C8166}.Debug|x64.ActiveCfg = Debug|x64
		{63F107BF-9A20-4C10-962F-DC15980C8166}.Debug|x64.Build.0 = Debug|x64
		{63F107BF-9A20-4C10-962F-DC15980C8166}.Debug|x86.ActiveCfg = Debug|Win32
		{63F107BF-9A20-4C10-962F-DC15980C8166}.Debug|x86.Build.0 = Debug|Win32
		{63F107BF-9A20-4C10-962F-DC15980C8166}.Release|x64.ActiveCfg = Release|x64
		{63F107BF-9A20-4C10-962F-DC15980C8166}.Release|x64.Build.0 = Release|x64
		{63F107BF-9A20-4C10-962F-DC15980C8166}.Release|x86.ActiveCfg = Release|Win32
		{63F107BF-9A20-4C10-962F-DC15980C8166}.Release|x86.Build.0 = Release|Win32
		{7E58650F-82E0-4EBB-829A-64E90FB1D96F}.Debug|x64.ActiveCfg = Debug
		{7E58650F-82E0-4EBB-829A-64E90FB1D96F}.Debug|x86.ActiveCfg = Debug
		{7E58650F-82E0-4EBB-829A-64E90FB1D96F}.Release|x64.ActiveCfg = Release
		{7E58650F-82E0-4EBB-829A-64E90FB1D96F}.Release|x86.ActiveCfg = Release
	EndGlobalSection
	GlobalSection(SolutionProperties) = preSolution
		HideSolutionNode = FALSE
	EndGlobalSection
	GlobalSection(ExtensibilityGlobals) = postSolution
		SolutionGuid = {DBE70E39-F8EA-495D-BB4F-1921609A31FD}
	EndGlobalSection
EndGlobal
